PODS:
  - DSNestedAccordion (0.1.0)
  - Kiwi/ARC (2.2.4)
  - Kiwi/NonARC (2.2.4)
  - Kiwi/XCTest (2.2.4):
    - Kiwi/ARC
    - Kiwi/NonARC

DEPENDENCIES:
  - DSNestedAccordion (from `../`)
  - Kiwi/XCTest (~> 2.2.4)

EXTERNAL SOURCES:
  DSNestedAccordion:
    :path: ../

SPEC CHECKSUMS:
  DSNestedAccordion: f2f0feaf7b10f0c30abefe62101d355e4a31105f
  Kiwi: c73667f2b84cbf36f1a3830267c5a4ae8dcbd8ba

COCOAPODS: 0.33.1
